preprocessing:
  cmd: python src\get_data.py --datafile remote/deliveryDatasetChallenge.json --outpath
    data
  deps:
  - path: remote/deliveryDatasetChallenge.json
    md5: 90b0eba9d1bbc81ede7012aad79b03cc
  outs:
  - path: data\train_data.csv
    md5: 58aa79e3ec6aaa7895f343fb6d62e2e7
prepare:
  cmd: python src\prepare_data.py --datafile data\train_data.csv --outpath features
    --seed 42 --train_split 0.25
  deps:
  - path: data\train_data.csv
    md5: 58aa79e3ec6aaa7895f343fb6d62e2e7
  - path: src\prepare_data.py
    md5: 20a6a846c64f6fde3b83bb471f3b8233
  outs:
  - path: features\X_pca_resampled.pkl
    md5: e13a80abd41a63351830811a4f4b6d9f
  - path: features\X_pca_test.pkl
    md5: 5f2570df858d84ac2c00dc72f2ee22bd
  - path: features\y_resampled.pkl
    md5: a19ead16c8ee766dfd1fbb19d671f9da
  - path: features\y_test.pkl
    md5: b68cee20a9f92b2ba8cbd8f132aa59fc
train:
  cmd: python src\train_model.py --data_dir features --outpath model
  deps:
  - path: src\train_model.py
    md5: eb10709fd3eae20e79c613683b07d68e
  - path: features\X_pca_resampled.pkl
    md5: e13a80abd41a63351830811a4f4b6d9f
  - path: features\y_resampled.pkl
    md5: a19ead16c8ee766dfd1fbb19d671f9da
  outs:
  - path: metrics/train_metric.json
    md5: 74a60e2c796e441fa942547437db4a61
  - path: model\SGDCClassifier.pkl
    md5: 0916fdc4ee9513bdf4665646cd74b0a9
evaluate:
  cmd: python src\evaluate_model.py --model_dir model --data_dir features
  deps:
  - path: features\X_pca_test.pkl
    md5: 5f2570df858d84ac2c00dc72f2ee22bd
  - path: features\y_test.pkl
    md5: b68cee20a9f92b2ba8cbd8f132aa59fc
  - path: model\SGDCClassifier.pkl
    md5: 0916fdc4ee9513bdf4665646cd74b0a9
  outs:
  - path: metrics\evaluate_metrics.json
    md5: 21c2ae9c7cbaaa22c299727296297e04
